
Microsoft Visual Studio Solution File, Format Version 12.00
# Visual Studio Version 17
VisualStudioVersion = 17.13.35818.85 d17.13
MinimumVisualStudioVersion = 10.0.40219.1
Project("{2150E333-8FDC-42A3-9474-1A3956D46DE8}") = "src", "src", "{02EA681E-C7D8-13C7-8484-4AC65E1B71E8}"
EndProject
Project("{FAE04EC0-301F-11D3-BF4B-00C04F79EFBC}") = "CapstoneGeneratorAI.Domain", "CapstoneGeneratorAI\CapstoneGeneratorAI.Domain.csproj", "{70ED4721-7C25-4AE1-977E-D178F82DC02F}"
EndProject
Project("{FAE04EC0-301F-11D3-BF4B-00C04F79EFBC}") = "CapstoneGeneratorAI.Infrastructure", "CapstoneGeneratorAI.Infrastructure\CapstoneGeneratorAI.Infrastructure.csproj", "{A17911C0-C08C-4B8E-B381-47231159F8A1}"
EndProject
Project("{FAE04EC0-301F-11D3-BF4B-00C04F79EFBC}") = "CapstoneGeneratorAI.Application", "CapstoneGeneratorAI.Application\CapstoneGeneratorAI.Application.csproj", "{5B778988-44D7-4F0D-9F82-DAD3444B08BE}"
EndProject
Project("{FAE04EC0-301F-11D3-BF4B-00C04F79EFBC}") = "CapstoneGeneratorAI.Client", "CapstoneGeneratorAI.Client\CapstoneGeneratorAI.Client.csproj", "{384B40DC-73C7-483C-B9A2-E3DDD5EB2DB2}"
EndProject
Project("{FAE04EC0-301F-11D3-BF4B-00C04F79EFBC}") = "CapstoneGeneratorAI.Api", "CapstoneGeneratorAI.Api\CapstoneGeneratorAI.Api.csproj", "{A308306B-470D-4CD8-BF34-F477883CFA33}"
EndProject
Global
	GlobalSection(SolutionConfigurationPlatforms) = preSolution
		Debug|Any CPU = Debug|Any CPU
		Release|Any CPU = Release|Any CPU
	EndGlobalSection
	GlobalSection(ProjectConfigurationPlatforms) = postSolution
		{70ED4721-7C25-4AE1-977E-D178F82DC02F}.Debug|Any CPU.ActiveCfg = Debug|Any CPU
		{70ED4721-7C25-4AE1-977E-D178F82DC02F}.Debug|Any CPU.Build.0 = Debug|Any CPU
		{70ED4721-7C25-4AE1-977E-D178F82DC02F}.Release|Any CPU.ActiveCfg = Release|Any CPU
		{70ED4721-7C25-4AE1-977E-D178F82DC02F}.Release|Any CPU.Build.0 = Release|Any CPU
		{A17911C0-C08C-4B8E-B381-47231159F8A1}.Debug|Any CPU.ActiveCfg = Debug|Any CPU
		{A17911C0-C08C-4B8E-B381-47231159F8A1}.Debug|Any CPU.Build.0 = Debug|Any CPU
		{A17911C0-C08C-4B8E-B381-47231159F8A1}.Release|Any CPU.ActiveCfg = Release|Any CPU
		{A17911C0-C08C-4B8E-B381-47231159F8A1}.Release|Any CPU.Build.0 = Release|Any CPU
		{5B778988-44D7-4F0D-9F82-DAD3444B08BE}.Debug|Any CPU.ActiveCfg = Debug|Any CPU
		{5B778988-44D7-4F0D-9F82-DAD3444B08BE}.Debug|Any CPU.Build.0 = Debug|Any CPU
		{5B778988-44D7-4F0D-9F82-DAD3444B08BE}.Release|Any CPU.ActiveCfg = Release|Any CPU
		{5B778988-44D7-4F0D-9F82-DAD3444B08BE}.Release|Any CPU.Build.0 = Release|Any CPU
		{384B40DC-73C7-483C-B9A2-E3DDD5EB2DB2}.Debug|Any CPU.ActiveCfg = Debug|Any CPU
		{384B40DC-73C7-483C-B9A2-E3DDD5EB2DB2}.Debug|Any CPU.Build.0 = Debug|Any CPU
		{384B40DC-73C7-483C-B9A2-E3DDD5EB2DB2}.Release|Any CPU.ActiveCfg = Release|Any CPU
		{384B40DC-73C7-483C-B9A2-E3DDD5EB2DB2}.Release|Any CPU.Build.0 = Release|Any CPU
		{A308306B-470D-4CD8-BF34-F477883CFA33}.Debug|Any CPU.ActiveCfg = Debug|Any CPU
		{A308306B-470D-4CD8-BF34-F477883CFA33}.Debug|Any CPU.Build.0 = Debug|Any CPU
		{A308306B-470D-4CD8-BF34-F477883CFA33}.Release|Any CPU.ActiveCfg = Release|Any CPU
		{A308306B-470D-4CD8-BF34-F477883CFA33}.Release|Any CPU.Build.0 = Release|Any CPU
	EndGlobalSection
	GlobalSection(SolutionProperties) = preSolution
		HideSolutionNode = FALSE
	EndGlobalSection
	GlobalSection(NestedProjects) = preSolution
		{70ED4721-7C25-4AE1-977E-D178F82DC02F} = {02EA681E-C7D8-13C7-8484-4AC65E1B71E8}
		{A17911C0-C08C-4B8E-B381-47231159F8A1} = {02EA681E-C7D8-13C7-8484-4AC65E1B71E8}
		{5B778988-44D7-4F0D-9F82-DAD3444B08BE} = {02EA681E-C7D8-13C7-8484-4AC65E1B71E8}
		{384B40DC-73C7-483C-B9A2-E3DDD5EB2DB2} = {02EA681E-C7D8-13C7-8484-4AC65E1B71E8}
		{A308306B-470D-4CD8-BF34-F477883CFA33} = {02EA681E-C7D8-13C7-8484-4AC65E1B71E8}
	EndGlobalSection
	GlobalSection(ExtensibilityGlobals) = postSolution
		SolutionGuid = {EC41E1FA-95F2-4A7E-98F4-21701625C531}
	EndGlobalSection
EndGlobal
